
Microsoft Visual Studio Solution File, Format Version 12.00
# Visual Studio Version 17
VisualStudioVersion = 17.5.33627.172
MinimumVisualStudioVersion = 10.0.40219.1
Project("{FAE04EC0-301F-11D3-BF4B-00C04F79EFBC}") = "FizzBuzz", "FizzBuzz.csproj", "{F8A44ACC-60D5-4D0F-A73E-052E5E3DC923}"
EndProject
Project("{FAE04EC0-301F-11D3-BF4B-00C04F79EFBC}") = "UnitTests", "..\UnitTests\UnitTests.csproj", "{20839BA5-4BAE-43DA-A8D6-FC142BC9CAAF}"
EndProject
Global
	GlobalSection(SolutionConfigurationPlatforms) = preSolution
		Debug|Any CPU = Debug|Any CPU
		Release|Any CPU = Release|Any CPU
	EndGlobalSection
	GlobalSection(ProjectConfigurationPlatforms) = postSolution
		{F8A44ACC-60D5-4D0F-A73E-052E5E3DC923}.Debug|Any CPU.ActiveCfg = Debug|Any CPU
		{F8A44ACC-60D5-4D0F-A73E-052E5E3DC923}.Debug|Any CPU.Build.0 = Debug|Any CPU
		{F8A44ACC-60D5-4D0F-A73E-052E5E3DC923}.Release|Any CPU.ActiveCfg = Release|Any CPU
		{F8A44ACC-60D5-4D0F-A73E-052E5E3DC923}.Release|Any CPU.Build.0 = Release|Any CPU
		{20839BA5-4BAE-43DA-A8D6-FC142BC9CAAF}.Debug|Any CPU.ActiveCfg = Debug|Any CPU
		{20839BA5-4BAE-43DA-A8D6-FC142BC9CAAF}.Debug|Any CPU.Build.0 = Debug|Any CPU
		{20839BA5-4BAE-43DA-A8D6-FC142BC9CAAF}.Release|Any CPU.ActiveCfg = Release|Any CPU
		{20839BA5-4BAE-43DA-A8D6-FC142BC9CAAF}.Release|Any CPU.Build.0 = Release|Any CPU
	EndGlobalSection
	GlobalSection(SolutionProperties) = preSolution
		HideSolutionNode = FALSE
	EndGlobalSection
	GlobalSection(ExtensibilityGlobals) = postSolution
		SolutionGuid = {A57B9D9A-D79F-4D9C-A4F4-EDE3A2EDB987}
	EndGlobalSection
EndGlobal
